
Microsoft Visual Studio Solution File, Format Version 12.00
# Visual Studio Version 16
VisualStudioVersion = 16.0.29209.62
MinimumVisualStudioVersion = 10.0.40219.1
Project("{FAE04EC0-301F-11D3-BF4B-00C04F79EFBC}") = "PhotoGallery", "PhotoGallery\PhotoGallery.csproj", "{7F00F149-B7CB-4D88-9A76-3EA883510891}"
EndProject
Project("{FAE04EC0-301F-11D3-BF4B-00C04F79EFBC}") = "DAL", "DAL\DAL.csproj", "{F5ACABF6-1FCE-4D3D-9B0E-435F8878B28F}"
EndProject
Project("{FAE04EC0-301F-11D3-BF4B-00C04F79EFBC}") = "BL", "BL\BL.csproj", "{821091C9-92AF-4DCD-9CF4-8E8ACB99DDCB}"
EndProject
Project("{FAE04EC0-301F-11D3-BF4B-00C04F79EFBC}") = "TestProject1", "TestProject1\TestProject1.csproj", "{B69AEB5B-DFCB-4101-BDEA-3B209B478403}"
EndProject
Global
	GlobalSection(SolutionConfigurationPlatforms) = preSolution
		Debug|Any CPU = Debug|Any CPU
		Release|Any CPU = Release|Any CPU
	EndGlobalSection
	GlobalSection(ProjectConfigurationPlatforms) = postSolution
		{7F00F149-B7CB-4D88-9A76-3EA883510891}.Debug|Any CPU.ActiveCfg = Debug|Any CPU
		{7F00F149-B7CB-4D88-9A76-3EA883510891}.Debug|Any CPU.Build.0 = Debug|Any CPU
		{7F00F149-B7CB-4D88-9A76-3EA883510891}.Release|Any CPU.ActiveCfg = Release|Any CPU
		{7F00F149-B7CB-4D88-9A76-3EA883510891}.Release|Any CPU.Build.0 = Release|Any CPU
		{F5ACABF6-1FCE-4D3D-9B0E-435F8878B28F}.Debug|Any CPU.ActiveCfg = Debug|Any CPU
		{F5ACABF6-1FCE-4D3D-9B0E-435F8878B28F}.Debug|Any CPU.Build.0 = Debug|Any CPU
		{F5ACABF6-1FCE-4D3D-9B0E-435F8878B28F}.Release|Any CPU.ActiveCfg = Release|Any CPU
		{F5ACABF6-1FCE-4D3D-9B0E-435F8878B28F}.Release|Any CPU.Build.0 = Release|Any CPU
		{821091C9-92AF-4DCD-9CF4-8E8ACB99DDCB}.Debug|Any CPU.ActiveCfg = Debug|Any CPU
		{821091C9-92AF-4DCD-9CF4-8E8ACB99DDCB}.Debug|Any CPU.Build.0 = Debug|Any CPU
		{821091C9-92AF-4DCD-9CF4-8E8ACB99DDCB}.Release|Any CPU.ActiveCfg = Release|Any CPU
		{821091C9-92AF-4DCD-9CF4-8E8ACB99DDCB}.Release|Any CPU.Build.0 = Release|Any CPU
		{B69AEB5B-DFCB-4101-BDEA-3B209B478403}.Debug|Any CPU.ActiveCfg = Debug|Any CPU
		{B69AEB5B-DFCB-4101-BDEA-3B209B478403}.Debug|Any CPU.Build.0 = Debug|Any CPU
		{B69AEB5B-DFCB-4101-BDEA-3B209B478403}.Release|Any CPU.ActiveCfg = Release|Any CPU
		{B69AEB5B-DFCB-4101-BDEA-3B209B478403}.Release|Any CPU.Build.0 = Release|Any CPU
	EndGlobalSection
	GlobalSection(SolutionProperties) = preSolution
		HideSolutionNode = FALSE
	EndGlobalSection
	GlobalSection(ExtensibilityGlobals) = postSolution
		SolutionGuid = {86AAEB10-C64E-4456-9461-697E60B65A1D}
	EndGlobalSection
EndGlobal
